// !$*UTF8*$!
{
	archiveVersion = 1;
	classes = {
	};
	objectVersion = 46;
	objects = {

/* Begin PBXBuildFile section */
		18D11BE51F9F2470005781C9 /* ZykStaticExample.m in Sources */ = {isa = PBXBuildFile; fileRef = 18D11BE41F9F2470005781C9 /* ZykStaticExample.m */; };
		18D11BE61F9F2470005781C9 /* ZykStaticExample.h in CopyFiles */ = {isa = PBXBuildFile; fileRef = 18D11BE31F9F2470005781C9 /* ZykStaticExample.h */; };
/* End PBXBuildFile section */

/* Begin PBXCopyFilesBuildPhase section */
		18D11BDE1F9F2470005781C9 /* CopyFiles */ = {
			isa = PBXCopyFilesBuildPhase;
			buildActionMask = 2147483647;
			dstPath = "include/$(PRODUCT_NAME)";
			dstSubfolderSpec = 16;
			files = (
				18D11BE61F9F2470005781C9 /* ZykStaticExample.h in CopyFiles */,
			);
			runOnlyForDeploymentPostprocessing = 0;
		};
/* End PBXCopyFilesBuildPhase section */

/* Begin PBXFileReference section */
		18D11BE01F9F2470005781C9 /* libZykStaticExample.a */ = {isa = PBXFileReference; explicitFileType = archive.ar; includeInIndex = 0; path = libZykStaticExample.a; sourceTree = BUILT_PRODUCTS_DIR; };
		18D11BE31F9F2470005781C9 /* ZykStaticExample.h */ = {isa = PBXFileReference; lastKnownFileType = sourcecode.c.h; path = ZykStaticExample.h; sourceTree = "<group>"; };
		18D11BE41F9F2470005781C9 /* ZykStaticExample.m */ = {isa = PBXFileReference; lastKnownFileType = sourcecode.c.objc; path = ZykStaticExample.m; sourceTree = "<group>"; };
/* End PBXFileReference section */

/* Begin PBXFrameworksBuildPhase section */
		18D11BDD1F9F2470005781C9 /* Frameworks */ = {
			isa = PBXFrameworksBuildPhase;
			buildActionMask = 2147483647;
			files = (
			);
			runOnlyForDeploymentPostprocessing = 0;
		};
/* End PBXFrameworksBuildPhase section */

/* Begin PBXGroup section */
		18D11BD71F9F2470005781C9 = {
			isa = PBXGroup;
			children = (
				18D11BE21F9F2470005781C9 /* ZykStaticExample */,
				18D11BE11F9F2470005781C9 /* Products */,
			);
			sourceTree = "<group>";
		};
		18D11BE11F9F2470005781C9 /* Products */ = {
			isa = PBXGroup;
			children = (
				18D11BE01F9F2470005781C9 /* libZykStaticExample.a */,
			);
			name = Products;
			sourceTree = "<group>";
		};
		18D11BE21F9F2470005781C9 /* ZykStaticExample */ = {
			isa = PBXGroup;
			children = (
				18D11BE31F9F2470005781C9 /* ZykStaticExample.h */,
				18D11BE41F9F2470005781C9 /* ZykStaticExample.m */,
			);
			path = ZykStaticExample;
			sourceTree = "<group>";
		};
/* End PBXGroup section */

/* Begin PBXNativeTarget section */
		18D11BDF1F9F2470005781C9 /* ZykStaticExample */ = {
			isa = PBXNativeTarget;
			buildConfigurationList = 18D11BE91F9F2470005781C9 /* Build configuration list for PBXNativeTarget "ZykStaticExample" */;
			buildPhases = (
				18D11BDC1F9F2470005781C9 /* Sources */,
				18D11BDD1F9F2470005781C9 /* Frameworks */,
				18D11BDE1F9F2470005781C9 /* CopyFiles */,
			);
			buildRules = (
			);
			dependencies = (
			);
			name = ZykStaticExample;
			productName = ZykStaticExample;
			productReference = 18D11BE01F9F2470005781C9 /* libZykStaticExample.a */;
			productType = "com.apple.product-type.library.static";
		};
/* End PBXNativeTarget section */

/* Begin PBXProject section */
		18D11BD81F9F2470005781C9 /* Project object */ = {
			isa = PBXProject;
			attributes = {
				LastUpgradeCheck = 0830;
				ORGANIZATIONNAME = zyktom;
				TargetAttributes = {
					18D11BDF1F9F2470005781C9 = {
						CreatedOnToolsVersion = 8.3.3;
						DevelopmentTeam = 86TQR4S798;
						ProvisioningStyle = Automatic;
					};
				};
			};
			buildConfigurationList = 18D11BDB1F9F2470005781C9 /* Build configuration list for PBXProject "ZykStaticExample" */;
			compatibilityVersion = "Xcode 3.2";
			developmentRegion = English;
			hasScannedForEncodings = 0;
			knownRegions = (
				en,
			);
			mainGroup = 18D11BD71F9F2470005781C9;
			productRefGroup = 18D11BE11F9F2470005781C9 /* Products */;
			projectDirPath = "";
			projectRoot = "";
			targets = (
				18D11BDF1F9F2470005781C9 /* ZykStaticExample */,
			);
		};
/* End PBXProject section */

/* Begin PBXSourcesBuildPhase section */
		18D11BDC1F9F2470005781C9 /* Sources */ = {
			isa = PBXSourcesBuildPhase;
			buildActionMask = 2147483647;
			files = (
				18D11BE51F9F2470005781C9 /* ZykStaticExample.m in Sources */,
			);
			runOnlyForDeploymentPostprocessing = 0;
		};
/* End PBXSourcesBuildPhase section */

/* Begin XCBuildConfiguration section */
		18D11BE71F9F2470005781C9 /* Debug */ = {
			isa = XCBuildConfiguration;
			buildSettings = {
				ALWAYS_SEARCH_USER_PATHS = NO;
				CLANG_ANALYZER_NONNULL = YES;
				CLANG_ANALYZER_NUMBER_OBJECT_CONVERSION = YES_AGGRESSIVE;
				CLANG_CXX_LANGUAGE_STANDARD = "gnu++0x";
				CLANG_CXX_LIBRARY = "libc++";
				CLANG_ENABLE_MODULES = YES;
				CLANG_ENABLE_OBJC_ARC = YES;
				CLANG_WARN_BOOL_CONVERSION = YES;
				CLANG_WARN_CONSTANT_CONVERSION = YES;
				CLANG_WARN_DIRECT_OBJC_ISA_USAGE = YES_ERROR;
				CLANG_WARN_DOCUMENTATION_COMMENTS = YES;
				CLANG_WARN_EMPTY_BODY = YES;
				CLANG_WARN_ENUM_CONVERSION = YES;
				CLANG_WARN_INFINITE_RECURSION = YES;
				CLANG_WARN_INT_CONVERSION = YES;
				CLANG_WARN_OBJC_ROOT_CLASS = YES_ERROR;
				CLANG_WARN_SUSPICIOUS_MOVE = YES;
				CLANG_WARN_UNREACHABLE_CODE = YES;
				CLANG_WARN__DUPLICATE_METHOD_MATCH = YES;
				"CODE_SIGN_IDENTITY[sdk=iphoneos*]" = "iPhone Developer";
				COPY_PHASE_STRIP = NO;
				DEBUG_INFORMATION_FORMAT = dwarf;
				ENABLE_STRICT_OBJC_MSGSEND = YES;
				ENABLE_TESTABILITY = YES;
				GCC_C_LANGUAGE_STANDARD = gnu99;
				GCC_DYNAMIC_NO_PIC = NO;
				GCC_NO_COMMON_BLOCKS = YES;
				GCC_OPTIMIZATION_LEVEL = 0;
				GCC_PREPROCESSOR_DEFINITIONS = (
					"DEBUG=1",
					"$(inherited)",
				);
				GCC_WARN_64_TO_32_BIT_CONVERSION = YES;
				GCC_WARN_ABOUT_RETURN_TYPE = YES_ERROR;
				GCC_WARN_UNDECLARED_SELECTOR = YES;
				GCC_WARN_UNINITIALIZED_AUTOS = YES_AGGRESSIVE;
				GCC_WARN_UNUSED_FUNCTION = YES;
				GCC_WARN_UNUSED_VARIABLE = YES;
				IPHONEOS_DEPLOYMENT_TARGET = 10.3;
				MTL_ENABLE_DEBUG_INFO = YES;
				ONLY_ACTIVE_ARCH = YES;
				SDKROOT = iphoneos;
			};
			name = Debug;
		};
		18D11BE81F9F2470005781C9 /* Release */ = {
			isa = XCBuildConfiguration;
			buildSettings = {
				ALWAYS_SEARCH_USER_PATHS = NO;
				CLANG_ANALYZER_NONNULL = YES;
				CLANG_ANALYZER_NUMBER_OBJECT_CONVERSION = YES_AGGRESSIVE;
				CLANG_CXX_LANGUAGE_STANDARD = "gnu++0x";
				CLANG_CXX_LIBRARY = "libc++";
				CLANG_ENABLE_MODULES = YES;
				CLANG_ENABLE_OBJC_ARC = YES;
				CLANG_WARN_BOOL_CONVERSION = YES;
				CLANG_WARN_CONSTANT_CONVERSION = YES;
				CLANG_WARN_DIRECT_OBJC_ISA_USAGE = YES_ERROR;
				CLANG_WARN_DOCUMENTATION_COMMENTS = YES;
				CLANG_WARN_EMPTY_BODY = YES;
				CLANG_WARN_ENUM_CONVERSION = YES;
				CLANG_WARN_INFINITE_RECURSION = YES;
				CLANG_WARN_INT_CONVERSION = YES;
				CLANG_WARN_OBJC_ROOT_CLASS = YES_ERROR;
				CLANG_WARN_SUSPICIOUS_MOVE = YES;
				CLANG_WARN_UNREACHABLE_CODE = YES;
				CLANG_WARN__DUPLICATE_METHOD_MATCH = YES;
				"CODE_SIGN_IDENTITY[sdk=iphoneos*]" = "iPhone Developer";
				COPY_PHASE_STRIP = NO;
				DEBUG_INFORMATION_FORMAT = "dwarf-with-dsym";
				ENABLE_NS_ASSERTIONS = NO;
				ENABLE_STRICT_OBJC_MSGSEND = YES;
				GCC_C_LANGUAGE_STANDARD = gnu99;
				GCC_NO_COMMON_BLOCKS = YES;
				GCC_WARN_64_TO_32_BIT_CONVERSION = YES;
				GCC_WARN_ABOUT_RETURN_TYPE = YES_ERROR;
				GCC_WARN_UNDECLARED_SELECTOR = YES;
				GCC_WARN_UNINITIALIZED_AUTOS = YES_AGGRESSIVE;
				GCC_WARN_UNUSED_FUNCTION = YES;
				GCC_WARN_UNUSED_VARIABLE = YES;
				IPHONEOS_DEPLOYMENT_TARGET = 10.3;
				MTL_ENABLE_DEBUG_INFO = NO;
				SDKROOT = iphoneos;
				VALIDATE_PRODUCT = YES;
			};
			name = Release;
		};
		18D11BEA1F9F2470005781C9 /* Debug */ = {
			isa = XCBuildConfiguration;
			buildSettings = {
				DEVELOPMENT_TEAM = 86TQR4S798;
				HEADER_SEARCH_PATHS = "$(SRCROOT)/../../react-native/React/**";
				OTHER_LDFLAGS = "-ObjC";
				PRODUCT_NAME = "$(TARGET_NAME)";
				SKIP_INSTALL = YES;
			};
			name = Debug;
		};
		18D11BEB1F9F2470005781C9 /* Release */ = {
			isa = XCBuildConfiguration;
			buildSettings = {
				DEVELOPMENT_TEAM = 86TQR4S798;
				HEADER_SEARCH_PATHS = "$(SRCROOT)/../../react-native/React/**";
				OTHER_LDFLAGS = "-ObjC";
				PRODUCT_NAME = "$(TARGET_NAME)";
				SKIP_INSTALL = YES;
			};
			name = Release;
		};
/* End XCBuildConfiguration section */

/* Begin XCConfigurationList section */
		18D11BDB1F9F2470005781C9 /* Build configuration list for PBXProject "ZykStaticExample" */ = {
			isa = XCConfigurationList;
			buildConfigurations = (
				18D11BE71F9F2470005781C9 /* Debug */,
				18D11BE81F9F2470005781C9 /* Release */,
			);
			defaultConfigurationIsVisible = 0;
			defaultConfigurationName = Release;
		};
		18D11BE91F9F2470005781C9 /* Build configuration list for PBXNativeTarget "ZykStaticExample" */ = {
			isa = XCConfigurationList;
			buildConfigurations = (
				18D11BEA1F9F2470005781C9 /* Debug */,
				18D11BEB1F9F2470005781C9 /* Release */,
			);
			defaultConfigurationIsVisible = 0;
		};
/* End XCConfigurationList section */
	};
	rootObject = 18D11BD81F9F2470005781C9 /* Project object */;
}
